
Microsoft Visual Studio Solution File, Format Version 12.00
# Visual Studio Version 17
VisualStudioVersion = 17.14.36414.22 d17.14
MinimumVisualStudioVersion = 10.0.40219.1
Project("{8BC9CEB8-8B4A-11D0-8D11-00A0C91BC942}") = "array", "array\array.vcxproj", "{06A85829-79C9-490F-9879-883144385D33}"
EndProject
Project("{8BC9CEB8-8B4A-11D0-8D11-00A0C91BC942}") = "arraryutill", "arraryutill\arraryutill.vcxproj", "{4D9DC8C1-5524-447D-BA13-F65309ED60ED}"
EndProject
Project("{8BC9CEB8-8B4A-11D0-8D11-00A0C91BC942}") = "week2_lab", "week2_lab\week2_lab.vcxproj", "{B9123500-7AAF-45A6-8B4F-C24B4D38DC13}"
EndProject
Global
	GlobalSection(SolutionConfigurationPlatforms) = preSolution
		Debug|x64 = Debug|x64
		Debug|x86 = Debug|x86
		Release|x64 = Release|x64
		Release|x86 = Release|x86
	EndGlobalSection
	GlobalSection(ProjectConfigurationPlatforms) = postSolution
		{06A85829-79C9-490F-9879-883144385D33}.Debug|x64.ActiveCfg = Debug|x64
		{06A85829-79C9-490F-9879-883144385D33}.Debug|x64.Build.0 = Debug|x64
		{06A85829-79C9-490F-9879-883144385D33}.Debug|x86.ActiveCfg = Debug|Win32
		{06A85829-79C9-490F-9879-883144385D33}.Debug|x86.Build.0 = Debug|Win32
		{06A85829-79C9-490F-9879-883144385D33}.Release|x64.ActiveCfg = Release|x64
		{06A85829-79C9-490F-9879-883144385D33}.Release|x64.Build.0 = Release|x64
		{06A85829-79C9-490F-9879-883144385D33}.Release|x86.ActiveCfg = Release|Win32
		{06A85829-79C9-490F-9879-883144385D33}.Release|x86.Build.0 = Release|Win32
		{4D9DC8C1-5524-447D-BA13-F65309ED60ED}.Debug|x64.ActiveCfg = Debug|x64
		{4D9DC8C1-5524-447D-BA13-F65309ED60ED}.Debug|x64.Build.0 = Debug|x64
		{4D9DC8C1-5524-447D-BA13-F65309ED60ED}.Debug|x86.ActiveCfg = Debug|Win32
		{4D9DC8C1-5524-447D-BA13-F65309ED60ED}.Debug|x86.Build.0 = Debug|Win32
		{4D9DC8C1-5524-447D-BA13-F65309ED60ED}.Release|x64.ActiveCfg = Release|x64
		{4D9DC8C1-5524-447D-BA13-F65309ED60ED}.Release|x64.Build.0 = Release|x64
		{4D9DC8C1-5524-447D-BA13-F65309ED60ED}.Release|x86.ActiveCfg = Release|Win32
		{4D9DC8C1-5524-447D-BA13-F65309ED60ED}.Release|x86.Build.0 = Release|Win32
		{B9123500-7AAF-45A6-8B4F-C24B4D38DC13}.Debug|x64.ActiveCfg = Debug|x64
		{B9123500-7AAF-45A6-8B4F-C24B4D38DC13}.Debug|x64.Build.0 = Debug|x64
		{B9123500-7AAF-45A6-8B4F-C24B4D38DC13}.Debug|x86.ActiveCfg = Debug|Win32
		{B9123500-7AAF-45A6-8B4F-C24B4D38DC13}.Debug|x86.Build.0 = Debug|Win32
		{B9123500-7AAF-45A6-8B4F-C24B4D38DC13}.Release|x64.ActiveCfg = Release|x64
		{B9123500-7AAF-45A6-8B4F-C24B4D38DC13}.Release|x64.Build.0 = Release|x64
		{B9123500-7AAF-45A6-8B4F-C24B4D38DC13}.Release|x86.ActiveCfg = Release|Win32
		{B9123500-7AAF-45A6-8B4F-C24B4D38DC13}.Release|x86.Build.0 = Release|Win32
	EndGlobalSection
	GlobalSection(SolutionProperties) = preSolution
		HideSolutionNode = FALSE
	EndGlobalSection
	GlobalSection(ExtensibilityGlobals) = postSolution
		SolutionGuid = {3FB9292E-19A9-45DF-A5A8-8BEBA229BE04}
	EndGlobalSection
EndGlobal
