
Microsoft Visual Studio Solution File, Format Version 12.00
# Visual Studio Version 17
VisualStudioVersion = 17.14.36414.22
MinimumVisualStudioVersion = 10.0.40219.1
Project("{8BC9CEB8-8B4A-11D0-8D11-00A0C91BC942}") = "array", "array\array.vcxproj", "{06A85829-79C9-490F-9879-883144385D33}"
EndProject
Project("{8BC9CEB8-8B4A-11D0-8D11-00A0C91BC942}") = "arraryutill", "arraryutill\arraryutill.vcxproj", "{4D9DC8C1-5524-447D-BA13-F65309ED60ED}"
EndProject
Project("{8BC9CEB8-8B4A-11D0-8D11-00A0C91BC942}") = "week2_lab", "week2_lab\week2_lab.vcxproj", "{B9123500-7AAF-45A6-8B4F-C24B4D38DC13}"
EndProject
Project("{8BC9CEB8-8B4A-11D0-8D11-00A0C91BC942}") = "Assignment01", "Assignment01\Assignment01.vcxproj", "{62CC2FDD-6CE2-4294-A3AE-EC4700116F2B}"
EndProject
Project("{8BC9CEB8-8B4A-11D0-8D11-00A0C91BC942}") = "Assignment04", "Assignment04\Assignment04.vcxproj", "{1ACD2BB0-45F1-4059-BC65-A96F5893CAD5}"
EndProject
Project("{8BC9CEB8-8B4A-11D0-8D11-00A0C91BC942}") = "Assignment06", "Assignment06\Assignment06.vcxproj", "{C73FB491-BC96-4DFF-A58C-31F1B72AE2F2}"
EndProject
Project("{8BC9CEB8-8B4A-11D0-8D11-00A0C91BC942}") = "Assignment08", "Assignment08\Assignment08.vcxproj", "{E10CC592-B6F6-4EBE-A71D-AF6A068BC555}"
EndProject
Project("{8BC9CEB8-8B4A-11D0-8D11-00A0C91BC942}") = "Assignment09", "Assignment09\Assignment09.vcxproj", "{74412470-5BF7-4405-89F4-05E5DCA6715D}"
EndProject
Project("{8BC9CEB8-8B4A-11D0-8D11-00A0C91BC942}") = "Assignment10", "Assignment10\Assignment10.vcxproj", "{DFB3F961-B070-41A9-A5E1-750868331A82}"
EndProject
Project("{8BC9CEB8-8B4A-11D0-8D11-00A0C91BC942}") = "Assignment12", "Assignment12\Assignment12.vcxproj", "{7F25CF39-12D1-4733-9365-EB15EC77FFC9}"
EndProject
Global
	GlobalSection(SolutionConfigurationPlatforms) = preSolution
		Debug|x64 = Debug|x64
		Debug|x86 = Debug|x86
		Release|x64 = Release|x64
		Release|x86 = Release|x86
	EndGlobalSection
	GlobalSection(ProjectConfigurationPlatforms) = postSolution
		{06A85829-79C9-490F-9879-883144385D33}.Debug|x64.ActiveCfg = Debug|x64
		{06A85829-79C9-490F-9879-883144385D33}.Debug|x64.Build.0 = Debug|x64
		{06A85829-79C9-490F-9879-883144385D33}.Debug|x86.ActiveCfg = Debug|Win32
		{06A85829-79C9-490F-9879-883144385D33}.Debug|x86.Build.0 = Debug|Win32
		{06A85829-79C9-490F-9879-883144385D33}.Release|x64.ActiveCfg = Release|x64
		{06A85829-79C9-490F-9879-883144385D33}.Release|x64.Build.0 = Release|x64
		{06A85829-79C9-490F-9879-883144385D33}.Release|x86.ActiveCfg = Release|Win32
		{06A85829-79C9-490F-9879-883144385D33}.Release|x86.Build.0 = Release|Win32
		{4D9DC8C1-5524-447D-BA13-F65309ED60ED}.Debug|x64.ActiveCfg = Debug|x64
		{4D9DC8C1-5524-447D-BA13-F65309ED60ED}.Debug|x64.Build.0 = Debug|x64
		{4D9DC8C1-5524-447D-BA13-F65309ED60ED}.Debug|x86.ActiveCfg = Debug|Win32
		{4D9DC8C1-5524-447D-BA13-F65309ED60ED}.Debug|x86.Build.0 = Debug|Win32
		{4D9DC8C1-5524-447D-BA13-F65309ED60ED}.Release|x64.ActiveCfg = Release|x64
		{4D9DC8C1-5524-447D-BA13-F65309ED60ED}.Release|x64.Build.0 = Release|x64
		{4D9DC8C1-5524-447D-BA13-F65309ED60ED}.Release|x86.ActiveCfg = Release|Win32
		{4D9DC8C1-5524-447D-BA13-F65309ED60ED}.Release|x86.Build.0 = Release|Win32
		{B9123500-7AAF-45A6-8B4F-C24B4D38DC13}.Debug|x64.ActiveCfg = Debug|x64
		{B9123500-7AAF-45A6-8B4F-C24B4D38DC13}.Debug|x64.Build.0 = Debug|x64
		{B9123500-7AAF-45A6-8B4F-C24B4D38DC13}.Debug|x86.ActiveCfg = Debug|Win32
		{B9123500-7AAF-45A6-8B4F-C24B4D38DC13}.Debug|x86.Build.0 = Debug|Win32
		{B9123500-7AAF-45A6-8B4F-C24B4D38DC13}.Release|x64.ActiveCfg = Release|x64
		{B9123500-7AAF-45A6-8B4F-C24B4D38DC13}.Release|x64.Build.0 = Release|x64
		{B9123500-7AAF-45A6-8B4F-C24B4D38DC13}.Release|x86.ActiveCfg = Release|Win32
		{B9123500-7AAF-45A6-8B4F-C24B4D38DC13}.Release|x86.Build.0 = Release|Win32
		{62CC2FDD-6CE2-4294-A3AE-EC4700116F2B}.Debug|x64.ActiveCfg = Debug|x64
		{62CC2FDD-6CE2-4294-A3AE-EC4700116F2B}.Debug|x64.Build.0 = Debug|x64
		{62CC2FDD-6CE2-4294-A3AE-EC4700116F2B}.Debug|x86.ActiveCfg = Debug|Win32
		{62CC2FDD-6CE2-4294-A3AE-EC4700116F2B}.Debug|x86.Build.0 = Debug|Win32
		{62CC2FDD-6CE2-4294-A3AE-EC4700116F2B}.Release|x64.ActiveCfg = Release|x64
		{62CC2FDD-6CE2-4294-A3AE-EC4700116F2B}.Release|x64.Build.0 = Release|x64
		{62CC2FDD-6CE2-4294-A3AE-EC4700116F2B}.Release|x86.ActiveCfg = Release|Win32
		{62CC2FDD-6CE2-4294-A3AE-EC4700116F2B}.Release|x86.Build.0 = Release|Win32
		{1ACD2BB0-45F1-4059-BC65-A96F5893CAD5}.Debug|x64.ActiveCfg = Debug|x64
		{1ACD2BB0-45F1-4059-BC65-A96F5893CAD5}.Debug|x64.Build.0 = Debug|x64
		{1ACD2BB0-45F1-4059-BC65-A96F5893CAD5}.Debug|x86.ActiveCfg = Debug|Win32
		{1ACD2BB0-45F1-4059-BC65-A96F5893CAD5}.Debug|x86.Build.0 = Debug|Win32
		{1ACD2BB0-45F1-4059-BC65-A96F5893CAD5}.Release|x64.ActiveCfg = Release|x64
		{1ACD2BB0-45F1-4059-BC65-A96F5893CAD5}.Release|x64.Build.0 = Release|x64
		{1ACD2BB0-45F1-4059-BC65-A96F5893CAD5}.Release|x86.ActiveCfg = Release|Win32
		{1ACD2BB0-45F1-4059-BC65-A96F5893CAD5}.Release|x86.Build.0 = Release|Win32
		{C73FB491-BC96-4DFF-A58C-31F1B72AE2F2}.Debug|x64.ActiveCfg = Debug|x64
		{C73FB491-BC96-4DFF-A58C-31F1B72AE2F2}.Debug|x64.Build.0 = Debug|x64
		{C73FB491-BC96-4DFF-A58C-31F1B72AE2F2}.Debug|x86.ActiveCfg = Debug|Win32
		{C73FB491-BC96-4DFF-A58C-31F1B72AE2F2}.Debug|x86.Build.0 = Debug|Win32
		{C73FB491-BC96-4DFF-A58C-31F1B72AE2F2}.Release|x64.ActiveCfg = Release|x64
		{C73FB491-BC96-4DFF-A58C-31F1B72AE2F2}.Release|x64.Build.0 = Release|x64
		{C73FB491-BC96-4DFF-A58C-31F1B72AE2F2}.Release|x86.ActiveCfg = Release|Win32
		{C73FB491-BC96-4DFF-A58C-31F1B72AE2F2}.Release|x86.Build.0 = Release|Win32
		{E10CC592-B6F6-4EBE-A71D-AF6A068BC555}.Debug|x64.ActiveCfg = Debug|x64
		{E10CC592-B6F6-4EBE-A71D-AF6A068BC555}.Debug|x64.Build.0 = Debug|x64
		{E10CC592-B6F6-4EBE-A71D-AF6A068BC555}.Debug|x86.ActiveCfg = Debug|Win32
		{E10CC592-B6F6-4EBE-A71D-AF6A068BC555}.Debug|x86.Build.0 = Debug|Win32
		{E10CC592-B6F6-4EBE-A71D-AF6A068BC555}.Release|x64.ActiveCfg = Release|x64
		{E10CC592-B6F6-4EBE-A71D-AF6A068BC555}.Release|x64.Build.0 = Release|x64
		{E10CC592-B6F6-4EBE-A71D-AF6A068BC555}.Release|x86.ActiveCfg = Release|Win32
		{E10CC592-B6F6-4EBE-A71D-AF6A068BC555}.Release|x86.Build.0 = Release|Win32
		{74412470-5BF7-4405-89F4-05E5DCA6715D}.Debug|x64.ActiveCfg = Debug|x64
		{74412470-5BF7-4405-89F4-05E5DCA6715D}.Debug|x64.Build.0 = Debug|x64
		{74412470-5BF7-4405-89F4-05E5DCA6715D}.Debug|x86.ActiveCfg = Debug|Win32
		{74412470-5BF7-4405-89F4-05E5DCA6715D}.Debug|x86.Build.0 = Debug|Win32
		{74412470-5BF7-4405-89F4-05E5DCA6715D}.Release|x64.ActiveCfg = Release|x64
		{74412470-5BF7-4405-89F4-05E5DCA6715D}.Release|x64.Build.0 = Release|x64
		{74412470-5BF7-4405-89F4-05E5DCA6715D}.Release|x86.ActiveCfg = Release|Win32
		{74412470-5BF7-4405-89F4-05E5DCA6715D}.Release|x86.Build.0 = Release|Win32
		{DFB3F961-B070-41A9-A5E1-750868331A82}.Debug|x64.ActiveCfg = Debug|x64
		{DFB3F961-B070-41A9-A5E1-750868331A82}.Debug|x64.Build.0 = Debug|x64
		{DFB3F961-B070-41A9-A5E1-750868331A82}.Debug|x86.ActiveCfg = Debug|Win32
		{DFB3F961-B070-41A9-A5E1-750868331A82}.Debug|x86.Build.0 = Debug|Win32
		{DFB3F961-B070-41A9-A5E1-750868331A82}.Release|x64.ActiveCfg = Release|x64
		{DFB3F961-B070-41A9-A5E1-750868331A82}.Release|x64.Build.0 = Release|x64
		{DFB3F961-B070-41A9-A5E1-750868331A82}.Release|x86.ActiveCfg = Release|Win32
		{DFB3F961-B070-41A9-A5E1-750868331A82}.Release|x86.Build.0 = Release|Win32
		{7F25CF39-12D1-4733-9365-EB15EC77FFC9}.Debug|x64.ActiveCfg = Debug|x64
		{7F25CF39-12D1-4733-9365-EB15EC77FFC9}.Debug|x64.Build.0 = Debug|x64
		{7F25CF39-12D1-4733-9365-EB15EC77FFC9}.Debug|x86.ActiveCfg = Debug|Win32
		{7F25CF39-12D1-4733-9365-EB15EC77FFC9}.Debug|x86.Build.0 = Debug|Win32
		{7F25CF39-12D1-4733-9365-EB15EC77FFC9}.Release|x64.ActiveCfg = Release|x64
		{7F25CF39-12D1-4733-9365-EB15EC77FFC9}.Release|x64.Build.0 = Release|x64
		{7F25CF39-12D1-4733-9365-EB15EC77FFC9}.Release|x86.ActiveCfg = Release|Win32
		{7F25CF39-12D1-4733-9365-EB15EC77FFC9}.Release|x86.Build.0 = Release|Win32
	EndGlobalSection
	GlobalSection(SolutionProperties) = preSolution
		HideSolutionNode = FALSE
	EndGlobalSection
	GlobalSection(ExtensibilityGlobals) = postSolution
		SolutionGuid = {3FB9292E-19A9-45DF-A5A8-8BEBA229BE04}
	EndGlobalSection
EndGlobal
